Microsoft Visual Studio Solution File, Format Version 11.00
# Visual Studio 2008

Project("{BD9C6EA3-80E5-A9ED-4401-D2345353CD85}") = "banhbao", "Assembly-CSharp.csproj", "{DFED9737-F15E-3F2B-458D-C7A63105880C}"
EndProject
Global
	GlobalSection(SolutionConfigurationPlatforms) = preSolution
		Debug|Any CPU = Debug|Any CPU
		Release|Any CPU = Release|Any CPU
	EndGlobalSection
	GlobalSection(ProjectConfigurationPlatforms) = postSolution
		{DFED9737-F15E-3F2B-458D-C7A63105880C}.Debug|Any CPU.ActiveCfg = Debug|Any CPU
		{DFED9737-F15E-3F2B-458D-C7A63105880C}.Debug|Any CPU.Build.0 = Debug|Any CPU
		{DFED9737-F15E-3F2B-458D-C7A63105880C}.Release|Any CPU.ActiveCfg = Release|Any CPU
		{DFED9737-F15E-3F2B-458D-C7A63105880C}.Release|Any CPU.Build.0 = Release|Any CPU
	EndGlobalSection
	GlobalSection(SolutionProperties) = preSolution
		HideSolutionNode = FALSE
	EndGlobalSection
	GlobalSection(MonoDevelopProperties) = preSolution
		StartupItem = Assembly-CSharp.csproj
	EndGlobalSection
EndGlobal
